# THIS IS AN AUTOGENERATED FILE. DO NOT EDIT THIS FILE DIRECTLY.
# yarn lockfile v1


"@babel/code-frame@^7.26.2":
  version "7.26.2"
  resolved "https://registry.yarnpkg.com/@babel/code-frame/-/code-frame-7.26.2.tgz#4b5fab97d33338eff916235055f0ebc21e573a85"
  integrity sha512-RJlIHRueQgwWitWgF8OdFYGZX328Ax5BCemNGlqHfplnRT9ESi8JkFlvaVYbS+UubVY6dpv87Fs2u5M29iNFVQ==
  dependencies:
    "@babel/helper-validator-identifier" "^7.25.9"
    js-tokens "^4.0.0"
    picocolors "^1.0.0"

"@babel/helper-validator-identifier@^7.25.9":
  version "7.25.9"
  resolved "https://registry.yarnpkg.com/@babel/helper-validator-identifier/-/helper-validator-identifier-7.25.9.tgz#24b64e2c3ec7cd3b3c547729b8d16871f22cbdc7"
  integrity sha512-Ed61U6XJc3CVRfkERJWDz4dJwKe7iLmmJsbOGu9wSloNSFttHV0I8g6UAgb7qnK5ly5bGLPd4oXZlxCdANBOWQ==

"@fastify/deepmerge@^1.3.0":
  version "1.3.0"
  resolved "https://registry.yarnpkg.com/@fastify/deepmerge/-/deepmerge-1.3.0.tgz#8116858108f0c7d9fd460d05a7d637a13fe3239a"
  integrity sha512-J8TOSBq3SoZbDhM9+R/u77hP93gz/rajSA+K2kGyijPpORPWUXHUpTaleoj+92As0S9uPRP7Oi8IqMf0u+ro6A==

"@jridgewell/sourcemap-codec@^1.5.0":
  version "1.5.0"
  resolved "https://registry.yarnpkg.com/@jridgewell/sourcemap-codec/-/sourcemap-codec-1.5.0.tgz#3188bcb273a414b0d215fd22a58540b989b9409a"
  integrity sha512-gv3ZRaISU3fjPAgNsriBRqGWQL6quFx04YMPW/zD8XMLsU32mhCCbfbO6KZFLjvYpCZ8zyDEgqsgf+PwPaM7GQ==

"@nodelib/fs.scandir@2.1.5":
  version "2.1.5"
  resolved "https://registry.yarnpkg.com/@nodelib/fs.scandir/-/fs.scandir-2.1.5.tgz#7619c2eb21b25483f6d167548b4cfd5a7488c3d5"
  integrity sha512-vq24Bq3ym5HEQm2NKCr3yXDwjc7vTsEThRDnkp2DK9p1uqLR+DHurm/NOTo0KG7HYHU7eppKZj3MyqYuMBf62g==
  dependencies:
    "@nodelib/fs.stat" "2.0.5"
    run-parallel "^1.1.9"

"@nodelib/fs.stat@2.0.5", "@nodelib/fs.stat@^2.0.2":
  version "2.0.5"
  resolved "https://registry.yarnpkg.com/@nodelib/fs.stat/-/fs.stat-2.0.5.tgz#5bd262af94e9d25bd1e71b05deed44876a222e8b"
  integrity sha512-RkhPPp2zrqDAQA/2jNhnztcPAlv64XdhIp7a7454A5ovI7Bukxgt7MX7udwAu3zg1DcpPU0rz3VV1SeaqvY4+A==

"@nodelib/fs.walk@^1.2.3":
  version "1.2.8"
  resolved "https://registry.yarnpkg.com/@nodelib/fs.walk/-/fs.walk-1.2.8.tgz#e95737e8bb6746ddedf69c556953494f196fe69a"
  integrity sha512-oGB+UxlgWcgQkgwo8GcEGwemoTFt3FIO9ababBmaGwXIoBKZ+GTy0pP185beGg7Llih/NSHSV2XAs1lnznocSg==
  dependencies:
    "@nodelib/fs.scandir" "2.1.5"
    fastq "^1.6.0"

"@rollup/plugin-commonjs@^28.0.2":
  version "28.0.3"
  resolved "https://registry.yarnpkg.com/@rollup/plugin-commonjs/-/plugin-commonjs-28.0.3.tgz#44c2cc7c955c6113b96696b55e6bc2446bd67913"
  integrity sha512-pyltgilam1QPdn+Zd9gaCfOLcnjMEJ9gV+bTw6/r73INdvzf1ah9zLIJBm+kW7R6IUFIQ1YO+VqZtYxZNWFPEQ==
  dependencies:
    "@rollup/pluginutils" "^5.0.1"
    commondir "^1.0.1"
    estree-walker "^2.0.2"
    fdir "^6.2.0"
    is-reference "1.2.1"
    magic-string "^0.30.3"
    picomatch "^4.0.2"

"@rollup/plugin-json@^6.1.0":
  version "6.1.0"
  resolved "https://registry.yarnpkg.com/@rollup/plugin-json/-/plugin-json-6.1.0.tgz#fbe784e29682e9bb6dee28ea75a1a83702e7b805"
  integrity sha512-EGI2te5ENk1coGeADSIwZ7G2Q8CJS2sF120T7jLw4xFw9n7wIOXHo+kIYRAoVpJAN+kmqZSoO3Fp4JtoNF4ReA==
  dependencies:
    "@rollup/pluginutils" "^5.1.0"

"@rollup/plugin-node-resolve@^16.0.0":
  version "16.0.1"
  resolved "https://registry.yarnpkg.com/@rollup/plugin-node-resolve/-/plugin-node-resolve-16.0.1.tgz#2fc6b54ca3d77e12f3fb45b2a55b50720de4c95d"
  integrity sha512-tk5YCxJWIG81umIvNkSod2qK5KyQW19qcBF/B78n1bjtOON6gzKoVeSzAE8yHCZEDmqkHKkxplExA8KzdJLJpA==
  dependencies:
    "@rollup/pluginutils" "^5.0.1"
    "@types/resolve" "1.20.2"
    deepmerge "^4.2.2"
    is-module "^1.0.0"
    resolve "^1.22.1"

"@rollup/plugin-replace@^6.0.2":
  version "6.0.2"
  resolved "https://registry.yarnpkg.com/@rollup/plugin-replace/-/plugin-replace-6.0.2.tgz#2f565d312d681e4570ff376c55c5c08eb6f1908d"
  integrity sha512-7QaYCf8bqF04dOy7w/eHmJeNExxTYwvKAmlSAH/EaWWUzbT0h5sbF6bktFoX/0F/0qwng5/dWFMyf3gzaM8DsQ==
  dependencies:
    "@rollup/pluginutils" "^5.0.1"
    magic-string "^0.30.3"

"@rollup/plugin-wasm@^6.2.2":
  version "6.2.2"
  resolved "https://registry.yarnpkg.com/@rollup/plugin-wasm/-/plugin-wasm-6.2.2.tgz#ea75fd8cc5ddba1e30bdc22e07cdbaf8d6d160bf"
  integrity sha512-gpC4R1G9Ni92ZIRTexqbhX7U+9estZrbhP+9SRb0DW9xpB9g7j34r+J2hqrcW/lRI7dJaU84MxZM0Rt82tqYPQ==
  dependencies:
    "@rollup/pluginutils" "^5.0.2"

"@rollup/pluginutils@^5.0.1", "@rollup/pluginutils@^5.0.2", "@rollup/pluginutils@^5.1.0", "@rollup/pluginutils@^5.1.4":
  version "5.1.4"
  resolved "https://registry.yarnpkg.com/@rollup/pluginutils/-/pluginutils-5.1.4.tgz#bb94f1f9eaaac944da237767cdfee6c5b2262d4a"
  integrity sha512-USm05zrsFxYLPdWWq+K3STlWiT/3ELn3RcV5hJMghpeAIhxfsUIg6mt12CBJBInWMV4VneoV7SfGv8xIwo2qNQ==
  dependencies:
    "@types/estree" "^1.0.0"
    estree-walker "^2.0.2"
    picomatch "^4.0.2"

"@rollup/rollup-android-arm-eabi@4.36.0":
  version "4.36.0"
  resolved "https://registry.yarnpkg.com/@rollup/rollup-android-arm-eabi/-/rollup-android-arm-eabi-4.36.0.tgz#6229c36cddc172c468f53107f2b7aebe2585609b"
  integrity sha512-jgrXjjcEwN6XpZXL0HUeOVGfjXhPyxAbbhD0BlXUB+abTOpbPiN5Wb3kOT7yb+uEtATNYF5x5gIfwutmuBA26w==

"@rollup/rollup-android-arm64@4.36.0":
  version "4.36.0"
  resolved "https://registry.yarnpkg.com/@rollup/rollup-android-arm64/-/rollup-android-arm64-4.36.0.tgz#d38163692d0729bd64a026c13749ecac06f847e8"
  integrity sha512-NyfuLvdPdNUfUNeYKUwPwKsE5SXa2J6bCt2LdB/N+AxShnkpiczi3tcLJrm5mA+eqpy0HmaIY9F6XCa32N5yzg==

"@rollup/rollup-darwin-arm64@4.36.0":
  version "4.36.0"
  resolved "https://registry.yarnpkg.com/@rollup/rollup-darwin-arm64/-/rollup-darwin-arm64-4.36.0.tgz#82601b8ff81f3dbaef28017aa3d0e9709edc99c0"
  integrity sha512-JQ1Jk5G4bGrD4pWJQzWsD8I1n1mgPXq33+/vP4sk8j/z/C2siRuxZtaUA7yMTf71TCZTZl/4e1bfzwUmFb3+rw==

"@rollup/rollup-darwin-x64@4.36.0":
  version "4.36.0"
  resolved "https://registry.yarnpkg.com/@rollup/rollup-darwin-x64/-/rollup-darwin-x64-4.36.0.tgz#0e961354fb2bf26d691810ca61dc861d9a1e94b2"
  integrity sha512-6c6wMZa1lrtiRsbDziCmjE53YbTkxMYhhnWnSW8R/yqsM7a6mSJ3uAVT0t8Y/DGt7gxUWYuFM4bwWk9XCJrFKA==

"@rollup/rollup-freebsd-arm64@4.36.0":
  version "4.36.0"
  resolved "https://registry.yarnpkg.com/@rollup/rollup-freebsd-arm64/-/rollup-freebsd-arm64-4.36.0.tgz#6aee296cd6b8c39158d377c89b7e0cd0851dd7c7"
  integrity sha512-KXVsijKeJXOl8QzXTsA+sHVDsFOmMCdBRgFmBb+mfEb/7geR7+C8ypAml4fquUt14ZyVXaw2o1FWhqAfOvA4sg==

"@rollup/rollup-freebsd-x64@4.36.0":
  version "4.36.0"
  resolved "https://registry.yarnpkg.com/@rollup/rollup-freebsd-x64/-/rollup-freebsd-x64-4.36.0.tgz#432e49d93942225ac1b4d98254a6fb6ca0afcd17"
  integrity sha512-dVeWq1ebbvByI+ndz4IJcD4a09RJgRYmLccwlQ8bPd4olz3Y213uf1iwvc7ZaxNn2ab7bjc08PrtBgMu6nb4pQ==

"@rollup/rollup-linux-arm-gnueabihf@4.36.0":
  version "4.36.0"
  resolved "https://registry.yarnpkg.com/@rollup/rollup-linux-arm-gnueabihf/-/rollup-linux-arm-gnueabihf-4.36.0.tgz#a66910c6c63b46d45f239528ad5509097f8df885"
  integrity sha512-bvXVU42mOVcF4le6XSjscdXjqx8okv4n5vmwgzcmtvFdifQ5U4dXFYaCB87namDRKlUL9ybVtLQ9ztnawaSzvg==

"@rollup/rollup-linux-arm-musleabihf@4.36.0":
  version "4.36.0"
  resolved "https://registry.yarnpkg.com/@rollup/rollup-linux-arm-musleabihf/-/rollup-linux-arm-musleabihf-4.36.0.tgz#1cfadc70d44501b0a58615a460cf1b6ec8cfddf3"
  integrity sha512-JFIQrDJYrxOnyDQGYkqnNBtjDwTgbasdbUiQvcU8JmGDfValfH1lNpng+4FWlhaVIR4KPkeddYjsVVbmJYvDcg==

"@rollup/rollup-linux-arm64-gnu@4.36.0":
  version "4.36.0"
  resolved "https://registry.yarnpkg.com/@rollup/rollup-linux-arm64-gnu/-/rollup-linux-arm64-gnu-4.36.0.tgz#d32e42b25216472dfdc5cb7df6a37667766d3855"
  integrity sha512-KqjYVh3oM1bj//5X7k79PSCZ6CvaVzb7Qs7VMWS+SlWB5M8p3FqufLP9VNp4CazJ0CsPDLwVD9r3vX7Ci4J56A==

"@rollup/rollup-linux-arm64-musl@4.36.0":
  version "4.36.0"
  resolved "https://registry.yarnpkg.com/@rollup/rollup-linux-arm64-musl/-/rollup-linux-arm64-musl-4.36.0.tgz#d742917d61880941be26ff8d3352d935139188b9"
  integrity sha512-QiGnhScND+mAAtfHqeT+cB1S9yFnNQ/EwCg5yE3MzoaZZnIV0RV9O5alJAoJKX/sBONVKeZdMfO8QSaWEygMhw==

"@rollup/rollup-linux-loongarch64-gnu@4.36.0":
  version "4.36.0"
  resolved "https://registry.yarnpkg.com/@rollup/rollup-linux-loongarch64-gnu/-/rollup-linux-loongarch64-gnu-4.36.0.tgz#9ad12d1a5d3abf4ecb90fbe1a49249608cee8cbb"
  integrity sha512-1ZPyEDWF8phd4FQtTzMh8FQwqzvIjLsl6/84gzUxnMNFBtExBtpL51H67mV9xipuxl1AEAerRBgBwFNpkw8+Lg==

"@rollup/rollup-linux-powerpc64le-gnu@4.36.0":
  version "4.36.0"
  resolved "https://registry.yarnpkg.com/@rollup/rollup-linux-powerpc64le-gnu/-/rollup-linux-powerpc64le-gnu-4.36.0.tgz#c3ca6f5ce4a8b785dd450113660d9529a75fdf2a"
  integrity sha512-VMPMEIUpPFKpPI9GZMhJrtu8rxnp6mJR3ZzQPykq4xc2GmdHj3Q4cA+7avMyegXy4n1v+Qynr9fR88BmyO74tg==

"@rollup/rollup-linux-riscv64-gnu@4.36.0":
  version "4.36.0"
  resolved "https://registry.yarnpkg.com/@rollup/rollup-linux-riscv64-gnu/-/rollup-linux-riscv64-gnu-4.36.0.tgz#05eb5e71db5b5b1d1a3428265a63c5f6f8a1e4b8"
  integrity sha512-ttE6ayb/kHwNRJGYLpuAvB7SMtOeQnVXEIpMtAvx3kepFQeowVED0n1K9nAdraHUPJ5hydEMxBpIR7o4nrm8uA==

"@rollup/rollup-linux-s390x-gnu@4.36.0":
  version "4.36.0"
  resolved "https://registry.yarnpkg.com/@rollup/rollup-linux-s390x-gnu/-/rollup-linux-s390x-gnu-4.36.0.tgz#6fa895f181fa6804bc6ca27c0e9a6823355436dd"
  integrity sha512-4a5gf2jpS0AIe7uBjxDeUMNcFmaRTbNv7NxI5xOCs4lhzsVyGR/0qBXduPnoWf6dGC365saTiwag8hP1imTgag==

"@rollup/rollup-linux-x64-gnu@4.36.0":
  version "4.36.0"
  resolved "https://registry.yarnpkg.com/@rollup/rollup-linux-x64-gnu/-/rollup-linux-x64-gnu-4.36.0.tgz#d2e69f7598c71f03287b763fdbefce4163f07419"
  integrity sha512-5KtoW8UWmwFKQ96aQL3LlRXX16IMwyzMq/jSSVIIyAANiE1doaQsx/KRyhAvpHlPjPiSU/AYX/8m+lQ9VToxFQ==

"@rollup/rollup-linux-x64-musl@4.36.0":
  version "4.36.0"
  resolved "https://registry.yarnpkg.com/@rollup/rollup-linux-x64-musl/-/rollup-linux-x64-musl-4.36.0.tgz#9eb0075deaabf5d88a9dc8b61bd7bd122ac64ef9"
  integrity sha512-sycrYZPrv2ag4OCvaN5js+f01eoZ2U+RmT5as8vhxiFz+kxwlHrsxOwKPSA8WyS+Wc6Epid9QeI/IkQ9NkgYyQ==

"@rollup/rollup-win32-arm64-msvc@4.36.0":
  version "4.36.0"
  resolved "https://registry.yarnpkg.com/@rollup/rollup-win32-arm64-msvc/-/rollup-win32-arm64-msvc-4.36.0.tgz#bfda7178ed8cb8fa8786474a02eae9fc8649a74d"
  integrity sha512-qbqt4N7tokFwwSVlWDsjfoHgviS3n/vZ8LK0h1uLG9TYIRuUTJC88E1xb3LM2iqZ/WTqNQjYrtmtGmrmmawB6A==

"@rollup/rollup-win32-ia32-msvc@4.36.0":
  version "4.36.0"
  resolved "https://registry.yarnpkg.com/@rollup/rollup-win32-ia32-msvc/-/rollup-win32-ia32-msvc-4.36.0.tgz#8e12739b9c43de8f0690b280c676af3de571cee0"
  integrity sha512-t+RY0JuRamIocMuQcfwYSOkmdX9dtkr1PbhKW42AMvaDQa+jOdpUYysroTF/nuPpAaQMWp7ye+ndlmmthieJrQ==

"@rollup/rollup-win32-x64-msvc@4.36.0":
  version "4.36.0"
  resolved "https://registry.yarnpkg.com/@rollup/rollup-win32-x64-msvc/-/rollup-win32-x64-msvc-4.36.0.tgz#88b23fe29d28fa647030b36e912c1b5b50831b1d"
  integrity sha512-aRXd7tRZkWLqGbChgcMMDEHjOKudo1kChb1Jt1IfR8cY/KIpgNviLeJy5FUb9IpSuQj8dU2fAYNMPW/hLKOSTw==

"@sentry/core@^10.5.0":
  version "10.5.0"
  resolved "https://registry.yarnpkg.com/@sentry/core/-/core-10.5.0.tgz#191fa6f08020858903496dfad188d48c7cd55061"
  integrity sha512-jTJ8NhZSKB2yj3QTVRXfCCngQzAOLThQUxCl9A7Mv+XF10tP7xbH/88MVQ5WiOr2IzcmrB9r2nmUe36BnMlLjA==

"@swc/core-darwin-arm64@1.11.11":
  version "1.11.11"
  resolved "https://registry.yarnpkg.com/@swc/core-darwin-arm64/-/core-darwin-arm64-1.11.11.tgz#e4b5fc99bab657f8f72217fd4976956faf4132b3"
  integrity sha512-vJcjGVDB8cZH7zyOkC0AfpFYI/7GHKG0NSsH3tpuKrmoAXJyCYspKPGid7FT53EAlWreN7+Pew+bukYf5j+Fmg==

"@swc/core-darwin-x64@1.11.11":
  version "1.11.11"
  resolved "https://registry.yarnpkg.com/@swc/core-darwin-x64/-/core-darwin-x64-1.11.11.tgz#0f4e810a2cd9c2993a7ccc3b38d1f92ef49894d8"
  integrity sha512-/N4dGdqEYvD48mCF3QBSycAbbQd3yoZ2YHSzYesQf8usNc2YpIhYqEH3sql02UsxTjEFOJSf1bxZABDdhbSl6A==

"@swc/core-linux-arm-gnueabihf@1.11.11":
  version "1.11.11"
  resolved "https://registry.yarnpkg.com/@swc/core-linux-arm-gnueabihf/-/core-linux-arm-gnueabihf-1.11.11.tgz#72b4b1e403bca37f051fd194eb0518cda83fad9f"
  integrity sha512-hsBhKK+wVXdN3x9MrL5GW0yT8o9GxteE5zHAI2HJjRQel3HtW7m5Nvwaq+q8rwMf4YQRd8ydbvwl4iUOZx7i2Q==

"@swc/core-linux-arm64-gnu@1.11.11":
  version "1.11.11"
  resolved "https://registry.yarnpkg.com/@swc/core-linux-arm64-gnu/-/core-linux-arm64-gnu-1.11.11.tgz#ea87e183ec53db9e121cca581cef538e9652193f"
  integrity sha512-YOCdxsqbnn/HMPCNM6nrXUpSndLXMUssGTtzT7ffXqr7WuzRg2e170FVDVQFIkb08E7Ku5uOnnUVAChAJQbMOQ==

"@swc/core-linux-arm64-musl@1.11.11":
  version "1.11.11"
  resolved "https://registry.yarnpkg.com/@swc/core-linux-arm64-musl/-/core-linux-arm64-musl-1.11.11.tgz#33db0f45b2286bbca9baf2ed84d1f2405c657600"
  integrity sha512-nR2tfdQRRzwqR2XYw9NnBk9Fdvff/b8IiJzDL28gRR2QiJWLaE8LsRovtWrzCOYq6o5Uu9cJ3WbabWthLo4jLw==

"@swc/core-linux-x64-gnu@1.11.11":
  version "1.11.11"
  resolved "https://registry.yarnpkg.com/@swc/core-linux-x64-gnu/-/core-linux-x64-gnu-1.11.11.tgz#4a1fe41baa968008bb0fffc7754fd6ee824e76e1"
  integrity sha512-b4gBp5HA9xNWNC5gsYbdzGBJWx4vKSGybGMGOVWWuF+ynx10+0sA/o4XJGuNHm8TEDuNh9YLKf6QkIO8+GPJ1g==

"@swc/core-linux-x64-musl@1.11.11":
  version "1.11.11"
  resolved "https://registry.yarnpkg.com/@swc/core-linux-x64-musl/-/core-linux-x64-musl-1.11.11.tgz#972d3530d740b3681191590ee08bb9ab7bb6706d"
  integrity sha512-dEvqmQVswjNvMBwXNb8q5uSvhWrJLdttBSef3s6UC5oDSwOr00t3RQPzyS3n5qmGJ8UMTdPRmsopxmqaODISdg==

"@swc/core-win32-arm64-msvc@1.11.11":
  version "1.11.11"
  resolved "https://registry.yarnpkg.com/@swc/core-win32-arm64-msvc/-/core-win32-arm64-msvc-1.11.11.tgz#179846f1f9e3e806a4bf6d8f35af97f577c1a0b3"
  integrity sha512-aZNZznem9WRnw2FbTqVpnclvl8Q2apOBW2B316gZK+qxbe+ktjOUnYaMhdCG3+BYggyIBDOnaJeQrXbKIMmNdw==

"@swc/core-win32-ia32-msvc@1.11.11":
  version "1.11.11"
  resolved "https://registry.yarnpkg.com/@swc/core-win32-ia32-msvc/-/core-win32-ia32-msvc-1.11.11.tgz#b098b72c1b45e237a9598b7b5e83e6c5ecb9ac69"
  integrity sha512-DjeJn/IfjgOddmJ8IBbWuDK53Fqw7UvOz7kyI/728CSdDYC3LXigzj3ZYs4VvyeOt+ZcQZUB2HA27edOifomGw==

"@swc/core-win32-x64-msvc@1.11.11":
  version "1.11.11"
  resolved "https://registry.yarnpkg.com/@swc/core-win32-x64-msvc/-/core-win32-x64-msvc-1.11.11.tgz#1d5610c585b903b8c1f4a452725d77ac96f27e84"
  integrity sha512-Gp/SLoeMtsU4n0uRoKDOlGrRC6wCfifq7bqLwSlAG8u8MyJYJCcwjg7ggm0rhLdC2vbiZ+lLVl3kkETp+JUvKg==

"@swc/core@^1.10.16":
  version "1.11.11"
  resolved "https://registry.yarnpkg.com/@swc/core/-/core-1.11.11.tgz#bac3256d7a113f0dd6965206cf428e826981cf0d"
  integrity sha512-pCVY2Wn6dV/labNvssk9b3Owi4WOYsapcbWm90XkIj4xH/56Z6gzja9fsU+4MdPuEfC2Smw835nZHcdCFGyX6A==
  dependencies:
    "@swc/counter" "^0.1.3"
    "@swc/types" "^0.1.19"
  optionalDependencies:
    "@swc/core-darwin-arm64" "1.11.11"
    "@swc/core-darwin-x64" "1.11.11"
    "@swc/core-linux-arm-gnueabihf" "1.11.11"
    "@swc/core-linux-arm64-gnu" "1.11.11"
    "@swc/core-linux-arm64-musl" "1.11.11"
    "@swc/core-linux-x64-gnu" "1.11.11"
    "@swc/core-linux-x64-musl" "1.11.11"
    "@swc/core-win32-arm64-msvc" "1.11.11"
    "@swc/core-win32-ia32-msvc" "1.11.11"
    "@swc/core-win32-x64-msvc" "1.11.11"

"@swc/counter@^0.1.3":
  version "0.1.3"
  resolved "https://registry.yarnpkg.com/@swc/counter/-/counter-0.1.3.tgz#cc7463bd02949611c6329596fccd2b0ec782b0e9"
  integrity sha512-e2BR4lsJkkRlKZ/qCHPw9ZaSxc0MVUd7gtbtaB7aMvHeJVYe8sOB8DBZkP2DtISHGSku9sCK6T6cnY0CtXrOCQ==

"@swc/helpers@^0.5.15":
  version "0.5.15"
  resolved "https://registry.yarnpkg.com/@swc/helpers/-/helpers-0.5.15.tgz#79efab344c5819ecf83a43f3f9f811fc84b516d7"
  integrity sha512-JQ5TuMi45Owi4/BIMAJBoSQoOJu12oOk/gADqlcUL9JEdHB8vyjUSsxqeNXnmXHjYKMi2WcYtezGEEhqUI/E2g==
  dependencies:
    tslib "^2.8.0"

"@swc/types@^0.1.19":
  version "0.1.19"
  resolved "https://registry.yarnpkg.com/@swc/types/-/types-0.1.19.tgz#65d9fe81e0a1dc7e861ad698dd581abe3703a2d2"
  integrity sha512-WkAZaAfj44kh/UFdAQcrMP1I0nwRqpt27u+08LMBYMqmQfwwMofYoMh/48NGkMMRfC4ynpfwRbJuu8ErfNloeA==
  dependencies:
    "@swc/counter" "^0.1.3"

"@types/estree@*", "@types/estree@1.0.6", "@types/estree@^1.0.0":
  version "1.0.6"
  resolved "https://registry.yarnpkg.com/@types/estree/-/estree-1.0.6.tgz#628effeeae2064a1b4e79f78e81d87b7e5fc7b50"
  integrity sha512-AYnb1nQyY49te+VRAVgmzfcgjYS91mY5P0TKUDCLEM+gNnA+3T6rWITXRLYCpahpqSQbN5cE+gHpnPyXjHWxcw==

"@types/resolve@1.20.2":
  version "1.20.2"
  resolved "https://registry.yarnpkg.com/@types/resolve/-/resolve-1.20.2.tgz#97d26e00cd4a0423b4af620abecf3e6f442b7975"
  integrity sha512-60BCwRFOZCQhDncwQdxxeOEEkbc5dIMccYLwbxsS4TUNeVECQ/pBJ0j09mrHOl/JJvpRPGwO9SvE4nR2Nb/a4Q==

ansi-regex@^5.0.1:
  version "5.0.1"
  resolved "https://registry.yarnpkg.com/ansi-regex/-/ansi-regex-5.0.1.tgz#082cb2c89c9fe8659a311a53bd6a4dc5301db304"
  integrity sha512-quJQXlTSUGL2LH9SUXo8VwsY4soanhgo6LNSm84E1LBcE8s3O0wpdiRzyR9z/ZZJMlMWv37qOOb9pdJlMUEKFQ==

ansi-regex@^6.0.1:
  version "6.1.0"
  resolved "https://registry.yarnpkg.com/ansi-regex/-/ansi-regex-6.1.0.tgz#95ec409c69619d6cb1b8b34f14b660ef28ebd654"
  integrity sha512-7HSX4QQb4CspciLpVFwyRe79O3xsIZDDLER21kERQ71oaPodF8jL725AgJMFAYbooIqolJoRLuM81SpeUkpkvA==

ansi-styles@^4.0.0:
  version "4.3.0"
  resolved "https://registry.yarnpkg.com/ansi-styles/-/ansi-styles-4.3.0.tgz#edd803628ae71c04c85ae7a0906edad34b648937"
  integrity sha512-zbB9rCJAT1rbjiVDb2hqKFHNYLxgtk8NURxZ3IZwD3F6NtxbXZQCnnSi1Lkx+IDohdPlFp222wVALIheZJQSEg==
  dependencies:
    color-convert "^2.0.1"

braces@^3.0.3:
  version "3.0.3"
  resolved "https://registry.yarnpkg.com/braces/-/braces-3.0.3.tgz#490332f40919452272d55a8480adc0c441358789"
  integrity sha512-yQbXgO/OSZVD2IsiLlro+7Hf6Q18EJrKSEsdoMzKePKXct3gvD8oLcOQdIzGupr5Fj+EDe8gO/lxc1BzfMpxvA==
  dependencies:
    fill-range "^7.1.1"

bunchee@^6.5.0:
  version "6.5.0"
  resolved "https://registry.yarnpkg.com/bunchee/-/bunchee-6.5.0.tgz#6cf7a94e3e3d689a701a2e768d9248a351dd35d7"
  integrity sha512-FdjZg0AdAOV3fjs63NMlswC86dauJ6yCrn1CfNiVoSR6jcFB7N1FARveW6Xp2tPvHdaHPgi5iAtIsDIU3ryp3A==
  dependencies:
    "@rollup/plugin-commonjs" "^28.0.2"
    "@rollup/plugin-json" "^6.1.0"
    "@rollup/plugin-node-resolve" "^16.0.0"
    "@rollup/plugin-replace" "^6.0.2"
    "@rollup/plugin-wasm" "^6.2.2"
    "@rollup/pluginutils" "^5.1.4"
    "@swc/core" "^1.10.16"
    "@swc/helpers" "^0.5.15"
    clean-css "^5.3.3"
    fast-glob "^3.3.3"
    magic-string "^0.30.17"
    ora "^8.0.1"
    picomatch "^4.0.2"
    pretty-bytes "^5.6.0"
    rollup "^4.34.7"
    rollup-plugin-dts "^6.1.1"
    rollup-plugin-swc3 "^0.11.1"
    rollup-preserve-directives "^1.1.3"
    tslib "^2.8.1"
    yargs "^17.7.2"

chalk@^5.3.0:
  version "5.4.1"
  resolved "https://registry.yarnpkg.com/chalk/-/chalk-5.4.1.tgz#1b48bf0963ec158dce2aacf69c093ae2dd2092d8"
  integrity sha512-zgVZuo2WcZgfUEmsn6eO3kINexW8RAE4maiQ8QNs8CtpPCSyMiYsULR3HQYkm3w8FIA3SberyMJMSldGsW+U3w==

clean-css@^5.3.3:
  version "5.3.3"
  resolved "https://registry.yarnpkg.com/clean-css/-/clean-css-5.3.3.tgz#b330653cd3bd6b75009cc25c714cae7b93351ccd"
  integrity sha512-D5J+kHaVb/wKSFcyyV75uCn8fiY4sV38XJoe4CUyGQ+mOU/fMVYUdH1hJC+CJQ5uY3EnW27SbJYS4X8BiLrAFg==
  dependencies:
    source-map "~0.6.0"

cli-cursor@^5.0.0:
  version "5.0.0"
  resolved "https://registry.yarnpkg.com/cli-cursor/-/cli-cursor-5.0.0.tgz#24a4831ecf5a6b01ddeb32fb71a4b2088b0dce38"
  integrity sha512-aCj4O5wKyszjMmDT4tZj93kxyydN/K5zPWSCe6/0AV/AA1pqe5ZBIw0a2ZfPQV7lL5/yb5HsUreJ6UFAF1tEQw==
  dependencies:
    restore-cursor "^5.0.0"

cli-spinners@^2.9.2:
  version "2.9.2"
  resolved "https://registry.yarnpkg.com/cli-spinners/-/cli-spinners-2.9.2.tgz#1773a8f4b9c4d6ac31563df53b3fc1d79462fe41"
  integrity sha512-ywqV+5MmyL4E7ybXgKys4DugZbX0FC6LnwrhjuykIjnK9k8OQacQ7axGKnjDXWNhns0xot3bZI5h55H8yo9cJg==

cliui@^8.0.1:
  version "8.0.1"
  resolved "https://registry.yarnpkg.com/cliui/-/cliui-8.0.1.tgz#0c04b075db02cbfe60dc8e6cf2f5486b1a3608aa"
  integrity sha512-BSeNnyus75C4//NQ9gQt1/csTXyo/8Sb+afLAkzAptFuMsod9HFokGNudZpi/oQV73hnVK+sR+5PVRMd+Dr7YQ==
  dependencies:
    string-width "^4.2.0"
    strip-ansi "^6.0.1"
    wrap-ansi "^7.0.0"

color-convert@^2.0.1:
  version "2.0.1"
  resolved "https://registry.yarnpkg.com/color-convert/-/color-convert-2.0.1.tgz#72d3a68d598c9bdb3af2ad1e84f21d896abd4de3"
  integrity sha512-RRECPsj7iu/xb5oKYcsFHSppFNnsj/52OVTRKb4zP5onXwVF3zVmmToNcOfGC+CRDpfK/U584fMg38ZHCaElKQ==
  dependencies:
    color-name "~1.1.4"

color-name@~1.1.4:
  version "1.1.4"
  resolved "https://registry.yarnpkg.com/color-name/-/color-name-1.1.4.tgz#c2a09a87acbde69543de6f63fa3995c826c536a2"
  integrity sha512-dOy+3AuW3a2wNbZHIuMZpTcgjGuLU/uBL/ubcZF9OXbDo8ff4O8yVp5Bf0efS8uEoYo5q4Fx7dY9OgQGXgAsQA==

commondir@^1.0.1:
  version "1.0.1"
  resolved "https://registry.yarnpkg.com/commondir/-/commondir-1.0.1.tgz#ddd800da0c66127393cca5950ea968a3aaf1253b"
  integrity sha512-W9pAhw0ja1Edb5GVdIF1mjZw/ASI0AlShXM83UUGe2DVr5TdAPEA1OA8m/g8zWp9x6On7gqufY+FatDbC3MDQg==

deepmerge@^4.2.2:
  version "4.3.1"
  resolved "https://registry.yarnpkg.com/deepmerge/-/deepmerge-4.3.1.tgz#44b5f2147cd3b00d4b56137685966f26fd25dd4a"
  integrity sha512-3sUqbMEc77XqpdNO7FRyRog+eW3ph+GYCbj+rK+uYyRMuwsVy0rMiVtPn+QJlKFvWP/1PYpapqYn0Me2knFn+A==

emoji-regex@^10.3.0:
  version "10.4.0"
  resolved "https://registry.yarnpkg.com/emoji-regex/-/emoji-regex-10.4.0.tgz#03553afea80b3975749cfcb36f776ca268e413d4"
  integrity sha512-EC+0oUMY1Rqm4O6LLrgjtYDvcVYTy7chDnM4Q7030tP4Kwj3u/pR6gP9ygnp2CJMK5Gq+9Q2oqmrFJAz01DXjw==

emoji-regex@^8.0.0:
  version "8.0.0"
  resolved "https://registry.yarnpkg.com/emoji-regex/-/emoji-regex-8.0.0.tgz#e818fd69ce5ccfcb404594f842963bf53164cc37"
  integrity sha512-MSjYzcWNOA0ewAHpz0MxpYFvwg6yjy1NG3xteoqz644VCo/RPgnr1/GGt+ic3iJTzQ8Eu3TdM14SawnVUmGE6A==

escalade@^3.1.1:
  version "3.2.0"
  resolved "https://registry.yarnpkg.com/escalade/-/escalade-3.2.0.tgz#011a3f69856ba189dffa7dc8fcce99d2a87903e5"
  integrity sha512-WUj2qlxaQtO4g6Pq5c29GTcWGDyd8itL8zTlipgECz3JesAiiOKotd8JU6otB3PACgG6xkJUyVhboMS+bje/jA==

estree-walker@^2.0.2:
  version "2.0.2"
  resolved "https://registry.yarnpkg.com/estree-walker/-/estree-walker-2.0.2.tgz#52f010178c2a4c117a7757cfe942adb7d2da4cac"
  integrity sha512-Rfkk/Mp/DL7JVje3u18FxFujQlTNR2q6QfMSMB7AvCBx91NGj/ba3kCfza0f6dVDbw7YlRf/nDrn7pQrCCyQ/w==

fast-glob@^3.3.3:
  version "3.3.3"
  resolved "https://registry.yarnpkg.com/fast-glob/-/fast-glob-3.3.3.tgz#d06d585ce8dba90a16b0505c543c3ccfb3aeb818"
  integrity sha512-7MptL8U0cqcFdzIzwOTHoilX9x5BrNqye7Z/LuC7kCMRio1EMSyqRK3BEAUD7sXRq4iT4AzTVuZdhgQ2TCvYLg==
  dependencies:
    "@nodelib/fs.stat" "^2.0.2"
    "@nodelib/fs.walk" "^1.2.3"
    glob-parent "^5.1.2"
    merge2 "^1.3.0"
    micromatch "^4.0.8"

fastq@^1.6.0:
  version "1.19.1"
  resolved "https://registry.yarnpkg.com/fastq/-/fastq-1.19.1.tgz#d50eaba803c8846a883c16492821ebcd2cda55f5"
  integrity sha512-GwLTyxkCXjXbxqIhTsMI2Nui8huMPtnxg7krajPJAjnEG/iiOS7i+zCtWGZR9G0NBKbXKh6X9m9UIsYX/N6vvQ==
  dependencies:
    reusify "^1.0.4"

fdir@^6.2.0:
  version "6.4.3"
  resolved "https://registry.yarnpkg.com/fdir/-/fdir-6.4.3.tgz#011cdacf837eca9b811c89dbb902df714273db72"
  integrity sha512-PMXmW2y1hDDfTSRc9gaXIuCCRpuoz3Kaz8cUelp3smouvfT632ozg2vrT6lJsHKKOF59YLbOGfAWGUcKEfRMQw==

fill-range@^7.1.1:
  version "7.1.1"
  resolved "https://registry.yarnpkg.com/fill-range/-/fill-range-7.1.1.tgz#44265d3cac07e3ea7dc247516380643754a05292"
  integrity sha512-YsGpe3WHLK8ZYi4tWDg2Jy3ebRz2rXowDxnld4bkQB00cc/1Zw9AWnC0i9ztDJitivtQvaI9KaLyKrc+hBW0yg==
  dependencies:
    to-regex-range "^5.0.1"

fsevents@~2.3.2:
  version "2.3.3"
  resolved "https://registry.yarnpkg.com/fsevents/-/fsevents-2.3.3.tgz#cac6407785d03675a2a5e1a5305c697b347d90d6"
  integrity sha512-5xoDfX+fL7faATnagmWPpbFtwh/R77WmMMqqHGS65C3vvB0YHrgF+B1YmZ3441tMj5n63k0212XNoJwzlhffQw==

function-bind@^1.1.2:
  version "1.1.2"
  resolved "https://registry.yarnpkg.com/function-bind/-/function-bind-1.1.2.tgz#2c02d864d97f3ea6c8830c464cbd11ab6eab7a1c"
  integrity sha512-7XHNxH7qX9xG5mIwxkhumTox/MIRNcOgDrxWsMt2pAr23WHp6MrRlN7FBSFpCpr+oVO0F744iUgR82nJMfG2SA==

get-caller-file@^2.0.5:
  version "2.0.5"
  resolved "https://registry.yarnpkg.com/get-caller-file/-/get-caller-file-2.0.5.tgz#4f94412a82db32f36e3b0b9741f8a97feb031f7e"
  integrity sha512-DyFP3BM/3YHTQOCUL/w0OZHR0lpKeGrxotcHWcqNEdnltqFwXVfhEBQ94eIo34AfQpo0rGki4cyIiftY06h2Fg==

get-east-asian-width@^1.0.0:
  version "1.3.0"
  resolved "https://registry.yarnpkg.com/get-east-asian-width/-/get-east-asian-width-1.3.0.tgz#21b4071ee58ed04ee0db653371b55b4299875389"
  integrity sha512-vpeMIQKxczTD/0s2CdEWHcb0eeJe6TFjxb+J5xgX7hScxqrGuyjmv4c1D4A/gelKfyox0gJJwIHF+fLjeaM8kQ==

get-tsconfig@^4.7.3:
  version "4.7.5"
  resolved "https://registry.yarnpkg.com/get-tsconfig/-/get-tsconfig-4.7.5.tgz#5e012498579e9a6947511ed0cd403272c7acbbaf"
  integrity sha512-ZCuZCnlqNzjb4QprAzXKdpp/gh6KTxSJuw3IBsPnV/7fV4NxC9ckB+vPTt8w7fJA0TaSD7c55BR47JD6MEDyDw==
  dependencies:
    resolve-pkg-maps "^1.0.0"

glob-parent@^5.1.2:
  version "5.1.2"
  resolved "https://registry.yarnpkg.com/glob-parent/-/glob-parent-5.1.2.tgz#869832c58034fe68a4093c17dc15e8340d8401c4"
  integrity sha512-AOIgSQCepiJYwP3ARnGx+5VnTu2HBYdzbGP45eLw1vr3zB3vZLeyed1sC9hnbcOc9/SrMyM5RPQrkGz4aS9Zow==
  dependencies:
    is-glob "^4.0.1"

hasown@^2.0.0:
  version "2.0.2"
  resolved "https://registry.yarnpkg.com/hasown/-/hasown-2.0.2.tgz#003eaf91be7adc372e84ec59dc37252cedb80003"
  integrity sha512-0hJU9SCPvmMzIBdZFqNPXWa6dqh7WdH0cII9y+CyS8rG3nL48Bclra9HmKhVVUHyPWNH5Y7xDwAB7bfgSjkUMQ==
  dependencies:
    function-bind "^1.1.2"

is-core-module@^2.13.0:
  version "2.13.1"
  resolved "https://registry.yarnpkg.com/is-core-module/-/is-core-module-2.13.1.tgz#ad0d7532c6fea9da1ebdc82742d74525c6273384"
  integrity sha512-hHrIjvZsftOsvKSn2TRYl63zvxsgE0K+0mYMoH6gD4omR5IWB2KynivBQczo3+wF1cCkjzvptnI9Q0sPU66ilw==
  dependencies:
    hasown "^2.0.0"

is-extglob@^2.1.1:
  version "2.1.1"
  resolved "https://registry.yarnpkg.com/is-extglob/-/is-extglob-2.1.1.tgz#a88c02535791f02ed37c76a1b9ea9773c833f8c2"
  integrity sha512-SbKbANkN603Vi4jEZv49LeVJMn4yGwsbzZworEoyEiutsN3nJYdbO36zfhGJ6QEDpOZIFkDtnq5JRxmvl3jsoQ==

is-fullwidth-code-point@^3.0.0:
  version "3.0.0"
  resolved "https://registry.yarnpkg.com/is-fullwidth-code-point/-/is-fullwidth-code-point-3.0.0.tgz#f116f8064fe90b3f7844a38997c0b75051269f1d"
  integrity sha512-zymm5+u+sCsSWyD9qNaejV3DFvhCKclKdizYaJUuHA83RLjb7nSuGnddCHGv0hk+KY7BMAlsWeK4Ueg6EV6XQg==

is-glob@^4.0.1:
  version "4.0.3"
  resolved "https://registry.yarnpkg.com/is-glob/-/is-glob-4.0.3.tgz#64f61e42cbbb2eec2071a9dac0b28ba1e65d5084"
  integrity sha512-xelSayHH36ZgE7ZWhli7pW34hNbNl8Ojv5KVmkJD4hBdD3th8Tfk9vYasLM+mXWOZhFkgZfxhLSnrwRr4elSSg==
  dependencies:
    is-extglob "^2.1.1"

is-interactive@^2.0.0:
  version "2.0.0"
  resolved "https://registry.yarnpkg.com/is-interactive/-/is-interactive-2.0.0.tgz#40c57614593826da1100ade6059778d597f16e90"
  integrity sha512-qP1vozQRI+BMOPcjFzrjXuQvdak2pHNUMZoeG2eRbiSqyvbEf/wQtEOTOX1guk6E3t36RkaqiSt8A/6YElNxLQ==

is-module@^1.0.0:
  version "1.0.0"
  resolved "https://registry.yarnpkg.com/is-module/-/is-module-1.0.0.tgz#3258fb69f78c14d5b815d664336b4cffb6441591"
  integrity sha512-51ypPSPCoTEIN9dy5Oy+h4pShgJmPCygKfyRCISBI+JoWT/2oJvK8QPxmwv7b/p239jXrm9M1mlQbyKJ5A152g==

is-number@^7.0.0:
  version "7.0.0"
  resolved "https://registry.yarnpkg.com/is-number/-/is-number-7.0.0.tgz#7535345b896734d5f80c4d06c50955527a14f12b"
  integrity sha512-41Cifkg6e8TylSpdtTpeLVMqvSBEVzTttHvERD741+pnZ8ANv0004MRL43QKPDlK9cGvNp6NZWZUBlbGXYxxng==

is-reference@1.2.1:
  version "1.2.1"
  resolved "https://registry.yarnpkg.com/is-reference/-/is-reference-1.2.1.tgz#8b2dac0b371f4bc994fdeaba9eb542d03002d0b7"
  integrity sha512-U82MsXXiFIrjCK4otLT+o2NA2Cd2g5MLoOVXUZjIOhLurrRxpEXzI8O0KZHr3IjLvlAH1kTPYSuqer5T9ZVBKQ==
  dependencies:
    "@types/estree" "*"

is-unicode-supported@^1.3.0:
  version "1.3.0"
  resolved "https://registry.yarnpkg.com/is-unicode-supported/-/is-unicode-supported-1.3.0.tgz#d824984b616c292a2e198207d4a609983842f714"
  integrity sha512-43r2mRvz+8JRIKnWJ+3j8JtjRKZ6GmjzfaE/qiBJnikNnYv/6bagRJ1kUhNk8R5EX/GkobD+r+sfxCPJsiKBLQ==

is-unicode-supported@^2.0.0:
  version "2.1.0"
  resolved "https://registry.yarnpkg.com/is-unicode-supported/-/is-unicode-supported-2.1.0.tgz#09f0ab0de6d3744d48d265ebb98f65d11f2a9b3a"
  integrity sha512-mE00Gnza5EEB3Ds0HfMyllZzbBrmLOX3vfWoj9A9PEnTfratQ/BcaJOuMhnkhjXvb2+FkY3VuHqtAGpTPmglFQ==

js-tokens@^4.0.0:
  version "4.0.0"
  resolved "https://registry.yarnpkg.com/js-tokens/-/js-tokens-4.0.0.tgz#19203fb59991df98e3a287050d4647cdeaf32499"
  integrity sha512-RdJUflcE3cUzKiMqQgsCu06FPu9UdIJO0beYbPhHN4k6apgJtifcoCtT9bcxOpYBtpD2kCM6Sbzg4CausW/PKQ==

log-symbols@^6.0.0:
  version "6.0.0"
  resolved "https://registry.yarnpkg.com/log-symbols/-/log-symbols-6.0.0.tgz#bb95e5f05322651cac30c0feb6404f9f2a8a9439"
  integrity sha512-i24m8rpwhmPIS4zscNzK6MSEhk0DUWa/8iYQWxhffV8jkI4Phvs3F+quL5xvS0gdQR0FyTCMMH33Y78dDTzzIw==
  dependencies:
    chalk "^5.3.0"
    is-unicode-supported "^1.3.0"

magic-string@^0.30.17, magic-string@^0.30.3, magic-string@^0.30.5:
  version "0.30.17"
  resolved "https://registry.yarnpkg.com/magic-string/-/magic-string-0.30.17.tgz#450a449673d2460e5bbcfba9a61916a1714c7453"
  integrity sha512-sNPKHvyjVf7gyjwS4xGTaW/mCnF8wnjtifKBEhxfZ7E/S8tQ0rssrwGNn6q8JH/ohItJfSQp9mBtQYuTlH5QnA==
  dependencies:
    "@jridgewell/sourcemap-codec" "^1.5.0"

merge2@^1.3.0:
  version "1.4.1"
  resolved "https://registry.yarnpkg.com/merge2/-/merge2-1.4.1.tgz#4368892f885e907455a6fd7dc55c0c9d404990ae"
  integrity sha512-8q7VEgMJW4J8tcfVPy8g09NcQwZdbwFEqhe/WZkoIzjn/3TGDwtOCYtXGxA3O8tPzpczCCDgv+P2P5y00ZJOOg==

micromatch@^4.0.8:
  version "4.0.8"
  resolved "https://registry.yarnpkg.com/micromatch/-/micromatch-4.0.8.tgz#d66fa18f3a47076789320b9b1af32bd86d9fa202"
  integrity sha512-PXwfBhYu0hBCPw8Dn0E+WDYb7af3dSLVWKi3HGv84IdF4TyFoC0ysxFd0Goxw7nSv4T/PzEJQxsYsEiFCKo2BA==
  dependencies:
    braces "^3.0.3"
    picomatch "^2.3.1"

mimic-function@^5.0.0:
  version "5.0.1"
  resolved "https://registry.yarnpkg.com/mimic-function/-/mimic-function-5.0.1.tgz#acbe2b3349f99b9deaca7fb70e48b83e94e67076"
  integrity sha512-VP79XUPxV2CigYP3jWwAUFSku2aKqBH7uTAapFWCBqutsbmDo96KY5o8uh6U+/YSIn5OxJnXp73beVkpqMIGhA==

onetime@^7.0.0:
  version "7.0.0"
  resolved "https://registry.yarnpkg.com/onetime/-/onetime-7.0.0.tgz#9f16c92d8c9ef5120e3acd9dd9957cceecc1ab60"
  integrity sha512-VXJjc87FScF88uafS3JllDgvAm+c/Slfz06lorj2uAY34rlUu0Nt+v8wreiImcrgAjjIHp1rXpTDlLOGw29WwQ==
  dependencies:
    mimic-function "^5.0.0"

ora@^8.0.1:
  version "8.2.0"
  resolved "https://registry.yarnpkg.com/ora/-/ora-8.2.0.tgz#8fbbb7151afe33b540dd153f171ffa8bd38e9861"
  integrity sha512-weP+BZ8MVNnlCm8c0Qdc1WSWq4Qn7I+9CJGm7Qali6g44e/PUzbjNqJX5NJ9ljlNMosfJvg1fKEGILklK9cwnw==
  dependencies:
    chalk "^5.3.0"
    cli-cursor "^5.0.0"
    cli-spinners "^2.9.2"
    is-interactive "^2.0.0"
    is-unicode-supported "^2.0.0"
    log-symbols "^6.0.0"
    stdin-discarder "^0.2.2"
    string-width "^7.2.0"
    strip-ansi "^7.1.0"

path-parse@^1.0.7:
  version "1.0.7"
  resolved "https://registry.yarnpkg.com/path-parse/-/path-parse-1.0.7.tgz#fbc114b60ca42b30d9daf5858e4bd68bbedb6735"
  integrity sha512-LDJzPVEEEPR+y48z93A0Ed0yXb8pAByGWo/k5YYdYgpY2/2EsOsksJrq7lOHxryrVOn1ejG6oAp8ahvOIQD8sw==

picocolors@^1.0.0:
  version "1.0.1"
  resolved "https://registry.yarnpkg.com/picocolors/-/picocolors-1.0.1.tgz#a8ad579b571952f0e5d25892de5445bcfe25aaa1"
  integrity sha512-anP1Z8qwhkbmu7MFP5iTt+wQKXgwzf7zTyGlcdzabySa9vd0Xt392U0rVmz9poOaBj0uHJKyyo9/upk0HrEQew==

picomatch@^2.3.1:
  version "2.3.1"
  resolved "https://registry.yarnpkg.com/picomatch/-/picomatch-2.3.1.tgz#3ba3833733646d9d3e4995946c1365a67fb07a42"
  integrity sha512-JU3teHTNjmE2VCGFzuY8EXzCDVwEqB2a8fsIvwaStHhAWJEeVd1o1QD80CU6+ZdEXXSLbSsuLwJjkCBWqRQUVA==

picomatch@^4.0.2:
  version "4.0.2"
  resolved "https://registry.yarnpkg.com/picomatch/-/picomatch-4.0.2.tgz#77c742931e8f3b8820946c76cd0c1f13730d1dab"
  integrity sha512-M7BAV6Rlcy5u+m6oPhAPFgJTzAioX/6B0DxyvDlo9l8+T3nLKbrczg2WLUyzd45L8RqfUMyGPzekbMvX2Ldkwg==

pretty-bytes@^5.6.0:
  version "5.6.0"
  resolved "https://registry.yarnpkg.com/pretty-bytes/-/pretty-bytes-5.6.0.tgz#356256f643804773c82f64723fe78c92c62beaeb"
  integrity sha512-FFw039TmrBqFK8ma/7OL3sDz/VytdtJr044/QUJtH0wK9lb9jLq9tJyIxUwtQJHwar2BqtiA4iCWSwo9JLkzFg==

queue-microtask@^1.2.2:
  version "1.2.3"
  resolved "https://registry.yarnpkg.com/queue-microtask/-/queue-microtask-1.2.3.tgz#4929228bbc724dfac43e0efb058caf7b6cfb6243"
  integrity sha512-NuaNSa6flKT5JaSYQzJok04JzTL1CA6aGhv5rfLW3PgqA+M2ChpZQnAC8h8i4ZFkBS8X5RqkDBHA7r4hej3K9A==

require-directory@^2.1.1:
  version "2.1.1"
  resolved "https://registry.yarnpkg.com/require-directory/-/require-directory-2.1.1.tgz#8c64ad5fd30dab1c976e2344ffe7f792a6a6df42"
  integrity sha512-fGxEI7+wsG9xrvdjsrlmL22OMTTiHRwAMroiEeMgq8gzoLC/PQr7RsRDSTLUg/bZAZtF+TVIkHc6/4RIKrui+Q==

resolve-pkg-maps@^1.0.0:
  version "1.0.0"
  resolved "https://registry.yarnpkg.com/resolve-pkg-maps/-/resolve-pkg-maps-1.0.0.tgz#616b3dc2c57056b5588c31cdf4b3d64db133720f"
  integrity sha512-seS2Tj26TBVOC2NIc2rOe2y2ZO7efxITtLZcGSOnHHNOQ7CkiUBfw0Iw2ck6xkIhPwLhKNLS8BO+hEpngQlqzw==

resolve@^1.22.1:
  version "1.22.8"
  resolved "https://registry.yarnpkg.com/resolve/-/resolve-1.22.8.tgz#b6c87a9f2aa06dfab52e3d70ac8cde321fa5a48d"
  integrity sha512-oKWePCxqpd6FlLvGV1VU0x7bkPmmCNolxzjMf4NczoDnQcIWrAF+cPtZn5i6n+RfD2d9i0tzpKnG6Yk168yIyw==
  dependencies:
    is-core-module "^2.13.0"
    path-parse "^1.0.7"
    supports-preserve-symlinks-flag "^1.0.0"

restore-cursor@^5.0.0:
  version "5.1.0"
  resolved "https://registry.yarnpkg.com/restore-cursor/-/restore-cursor-5.1.0.tgz#0766d95699efacb14150993f55baf0953ea1ebe7"
  integrity sha512-oMA2dcrw6u0YfxJQXm342bFKX/E4sG9rbTzO9ptUcR/e8A33cHuvStiYOwH7fszkZlZ1z/ta9AAoPk2F4qIOHA==
  dependencies:
    onetime "^7.0.0"
    signal-exit "^4.1.0"

reusify@^1.0.4:
  version "1.1.0"
  resolved "https://registry.yarnpkg.com/reusify/-/reusify-1.1.0.tgz#0fe13b9522e1473f51b558ee796e08f11f9b489f"
  integrity sha512-g6QUff04oZpHs0eG5p83rFLhHeV00ug/Yf9nZM6fLeUrPguBTkTQOdpAWWspMh55TZfVQDPaN3NQJfbVRAxdIw==

rollup-plugin-dts@^6.1.1:
  version "6.2.1"
  resolved "https://registry.yarnpkg.com/rollup-plugin-dts/-/rollup-plugin-dts-6.2.1.tgz#120a40734f740115da44931d7915a370fe420701"
  integrity sha512-sR3CxYUl7i2CHa0O7bA45mCrgADyAQ0tVtGSqi3yvH28M+eg1+g5d7kQ9hLvEz5dorK3XVsH5L2jwHLQf72DzA==
  dependencies:
    magic-string "^0.30.17"
  optionalDependencies:
    "@babel/code-frame" "^7.26.2"

rollup-plugin-swc3@^0.11.1:
  version "0.11.2"
  resolved "https://registry.yarnpkg.com/rollup-plugin-swc3/-/rollup-plugin-swc3-0.11.2.tgz#91af9af9896524787fe927dfa4ffa7a8745a1042"
  integrity sha512-o1ih9B806fV2wBSNk46T0cYfTF2eiiKmYXRpWw3K4j/Cp3tCAt10UCVsTqvUhGP58pcB3/GZcAVl5e7TCSKN6Q==
  dependencies:
    "@fastify/deepmerge" "^1.3.0"
    "@rollup/pluginutils" "^5.1.0"
    get-tsconfig "^4.7.3"
    rollup-preserve-directives "^1.1.1"

rollup-preserve-directives@^1.1.1, rollup-preserve-directives@^1.1.3:
  version "1.1.3"
  resolved "https://registry.yarnpkg.com/rollup-preserve-directives/-/rollup-preserve-directives-1.1.3.tgz#a217dac6809a1c06d3c075d97fceabbb0fdfc242"
  integrity sha512-oXqxd6ZzkoQej8Qt0k+S/yvO2+S4CEVEVv2g85oL15o0cjAKTKEuo2MzyA8FcsBBXbtytBzBMFAbhvQg4YyPUQ==
  dependencies:
    magic-string "^0.30.5"

rollup@^4.34.7:
  version "4.36.0"
  resolved "https://registry.yarnpkg.com/rollup/-/rollup-4.36.0.tgz#f40f4db47ba3b4f5846d32a47e580c0ed7cd8f02"
  integrity sha512-zwATAXNQxUcd40zgtQG0ZafcRK4g004WtEl7kbuhTWPvf07PsfohXl39jVUvPF7jvNAIkKPQ2XrsDlWuxBd++Q==
  dependencies:
    "@types/estree" "1.0.6"
  optionalDependencies:
    "@rollup/rollup-android-arm-eabi" "4.36.0"
    "@rollup/rollup-android-arm64" "4.36.0"
    "@rollup/rollup-darwin-arm64" "4.36.0"
    "@rollup/rollup-darwin-x64" "4.36.0"
    "@rollup/rollup-freebsd-arm64" "4.36.0"
    "@rollup/rollup-freebsd-x64" "4.36.0"
    "@rollup/rollup-linux-arm-gnueabihf" "4.36.0"
    "@rollup/rollup-linux-arm-musleabihf" "4.36.0"
    "@rollup/rollup-linux-arm64-gnu" "4.36.0"
    "@rollup/rollup-linux-arm64-musl" "4.36.0"
    "@rollup/rollup-linux-loongarch64-gnu" "4.36.0"
    "@rollup/rollup-linux-powerpc64le-gnu" "4.36.0"
    "@rollup/rollup-linux-riscv64-gnu" "4.36.0"
    "@rollup/rollup-linux-s390x-gnu" "4.36.0"
    "@rollup/rollup-linux-x64-gnu" "4.36.0"
    "@rollup/rollup-linux-x64-musl" "4.36.0"
    "@rollup/rollup-win32-arm64-msvc" "4.36.0"
    "@rollup/rollup-win32-ia32-msvc" "4.36.0"
    "@rollup/rollup-win32-x64-msvc" "4.36.0"
    fsevents "~2.3.2"

run-parallel@^1.1.9:
  version "1.2.0"
  resolved "https://registry.yarnpkg.com/run-parallel/-/run-parallel-1.2.0.tgz#66d1368da7bdf921eb9d95bd1a9229e7f21a43ee"
  integrity sha512-5l4VyZR86LZ/lDxZTR6jqL8AFE2S0IFLMP26AbjsLVADxHdhB/c0GUsH+y39UfCi3dzz8OlQuPmnaJOMoDHQBA==
  dependencies:
    queue-microtask "^1.2.2"

signal-exit@^4.1.0:
  version "4.1.0"
  resolved "https://registry.yarnpkg.com/signal-exit/-/signal-exit-4.1.0.tgz#952188c1cbd546070e2dd20d0f41c0ae0530cb04"
  integrity sha512-bzyZ1e88w9O1iNJbKnOlvYTrWPDl46O1bG0D3XInv+9tkPrxrN8jUUTiFlDkkmKWgn1M6CfIA13SuGqOa9Korw==

source-map@~0.6.0:
  version "0.6.1"
  resolved "https://registry.yarnpkg.com/source-map/-/source-map-0.6.1.tgz#74722af32e9614e9c287a8d0bbde48b5e2f1a263"
  integrity sha512-UjgapumWlbMhkBgzT7Ykc5YXUT46F0iKu8SGXq0bcwP5dz/h0Plj6enJqjz1Zbq2l5WaqYnrVbwWOWMyF3F47g==

stdin-discarder@^0.2.2:
  version "0.2.2"
  resolved "https://registry.yarnpkg.com/stdin-discarder/-/stdin-discarder-0.2.2.tgz#390037f44c4ae1a1ae535c5fe38dc3aba8d997be"
  integrity sha512-UhDfHmA92YAlNnCfhmq0VeNL5bDbiZGg7sZ2IvPsXubGkiNa9EC+tUTsjBRsYUAz87btI6/1wf4XoVvQ3uRnmQ==

string-width@^4.1.0, string-width@^4.2.0, string-width@^4.2.3:
  version "4.2.3"
  resolved "https://registry.yarnpkg.com/string-width/-/string-width-4.2.3.tgz#269c7117d27b05ad2e536830a8ec895ef9c6d010"
  integrity sha512-wKyQRQpjJ0sIp62ErSZdGsjMJWsap5oRNihHhu6G7JVO/9jIB6UyevL+tXuOqrng8j/cxKTWyWUwvSTriiZz/g==
  dependencies:
    emoji-regex "^8.0.0"
    is-fullwidth-code-point "^3.0.0"
    strip-ansi "^6.0.1"

string-width@^7.2.0:
  version "7.2.0"
  resolved "https://registry.yarnpkg.com/string-width/-/string-width-7.2.0.tgz#b5bb8e2165ce275d4d43476dd2700ad9091db6dc"
  integrity sha512-tsaTIkKW9b4N+AEj+SVA+WhJzV7/zMhcSu78mLKWSk7cXMOSHsBKFWUs0fWwq8QyK3MgJBQRX6Gbi4kYbdvGkQ==
  dependencies:
    emoji-regex "^10.3.0"
    get-east-asian-width "^1.0.0"
    strip-ansi "^7.1.0"

strip-ansi@^6.0.0, strip-ansi@^6.0.1:
  version "6.0.1"
  resolved "https://registry.yarnpkg.com/strip-ansi/-/strip-ansi-6.0.1.tgz#9e26c63d30f53443e9489495b2105d37b67a85d9"
  integrity sha512-Y38VPSHcqkFrCpFnQ9vuSXmquuv5oXOKpGeT6aGrr3o3Gc9AlVa6JBfUSOCnbxGGZF+/0ooI7KrPuUSztUdU5A==
  dependencies:
    ansi-regex "^5.0.1"

strip-ansi@^7.1.0:
  version "7.1.0"
  resolved "https://registry.yarnpkg.com/strip-ansi/-/strip-ansi-7.1.0.tgz#d5b6568ca689d8561370b0707685d22434faff45"
  integrity sha512-iq6eVVI64nQQTRYq2KtEg2d2uU7LElhTJwsH4YzIHZshxlgZms/wIc4VoDQTlG/IvVIrBKG06CrZnp0qv7hkcQ==
  dependencies:
    ansi-regex "^6.0.1"

supports-preserve-symlinks-flag@^1.0.0:
  version "1.0.0"
  resolved "https://registry.yarnpkg.com/supports-preserve-symlinks-flag/-/supports-preserve-symlinks-flag-1.0.0.tgz#6eda4bd344a3c94aea376d4cc31bc77311039e09"
  integrity sha512-ot0WnXS9fgdkgIcePe6RHNk1WA8+muPa6cSjeR3V8K27q9BB1rTE3R1p7Hv0z1ZyAc8s6Vvv8DIyWf681MAt0w==

to-regex-range@^5.0.1:
  version "5.0.1"
  resolved "https://registry.yarnpkg.com/to-regex-range/-/to-regex-range-5.0.1.tgz#1648c44aae7c8d988a326018ed72f5b4dd0392e4"
  integrity sha512-65P7iz6X5yEr1cwcgvQxbbIw7Uk3gOy5dIdtZ4rDveLqhrdJP+Li/Hx6tyK0NEb+2GCyneCMJiGqrADCSNk8sQ==
  dependencies:
    is-number "^7.0.0"

tslib@^2.8.0, tslib@^2.8.1:
  version "2.8.1"
  resolved "https://registry.yarnpkg.com/tslib/-/tslib-2.8.1.tgz#612efe4ed235d567e8aba5f2a5fab70280ade83f"
  integrity sha512-oJFu94HQb+KVduSUQL7wnpmqnfmLsOA/nAh6b6EH0wCEoK0/mPeXU6c3wKDV83MkOuHPRHtSXKKU99IBazS/2w==

typescript@5.8.2:
  version "5.8.2"
  resolved "https://registry.yarnpkg.com/typescript/-/typescript-5.8.2.tgz#8170b3702f74b79db2e5a96207c15e65807999e4"
  integrity sha512-aJn6wq13/afZp/jT9QZmwEjDqqvSGp1VT5GVg+f/t6/oVyrgXM6BY1h9BRh/O5p3PlUPAe+WuiEZOmb/49RqoQ==

wrap-ansi@^7.0.0:
  version "7.0.0"
  resolved "https://registry.yarnpkg.com/wrap-ansi/-/wrap-ansi-7.0.0.tgz#67e145cff510a6a6984bdf1152911d69d2eb9e43"
  integrity sha512-YVGIj2kamLSTxw6NsZjoBxfSwsn0ycdesmc4p+Q21c5zPuZ1pl+NfxVdxPtdHvmNVOQ6XSYG4AUtyt/Fi7D16Q==
  dependencies:
    ansi-styles "^4.0.0"
    string-width "^4.1.0"
    strip-ansi "^6.0.0"

y18n@^5.0.5:
  version "5.0.8"
  resolved "https://registry.yarnpkg.com/y18n/-/y18n-5.0.8.tgz#7f4934d0f7ca8c56f95314939ddcd2dd91ce1d55"
  integrity sha512-0pfFzegeDWJHJIAmTLRP2DwHjdF5s7jo9tuztdQxAhINCdvS+3nGINqPd00AphqJR/0LhANUS6/+7SCb98YOfA==

yargs-parser@^21.1.1:
  version "21.1.1"
  resolved "https://registry.yarnpkg.com/yargs-parser/-/yargs-parser-21.1.1.tgz#9096bceebf990d21bb31fa9516e0ede294a77d35"
  integrity sha512-tVpsJW7DdjecAiFpbIB1e3qxIQsE6NoPc5/eTdrbbIC4h0LVsWhnoa3g+m2HclBIujHzsxZ4VJVA+GUuc2/LBw==

yargs@^17.7.2:
  version "17.7.2"
  resolved "https://registry.yarnpkg.com/yargs/-/yargs-17.7.2.tgz#991df39aca675a192b816e1e0363f9d75d2aa269"
  integrity sha512-7dSzzRQ++CKnNI/krKnYRV7JKKPUXMEh61soaHKg9mrWEhzFWhFnxPxGl+69cD1Ou63C13NUPCnmIcrvqCuM6w==
  dependencies:
    cliui "^8.0.1"
    escalade "^3.1.1"
    get-caller-file "^2.0.5"
    require-directory "^2.1.1"
    string-width "^4.2.3"
    y18n "^5.0.5"
    yargs-parser "^21.1.1"
